
Microsoft Visual Studio Solution File, Format Version 12.00
# Visual Studio Version 17
VisualStudioVersion = 17.14.36518.9 d17.14
MinimumVisualStudioVersion = 10.0.40219.1
Project("{FAE04EC0-301F-11D3-BF4B-00C04F79EFBC}") = "ApiDotnet_TCC", "ApiDotnet_TCC\ApiDotnet_TCC.csproj", "{6E8F58BE-1BB5-4B6A-8B17-B2FFC4FD9077}"
EndProject
Global
	GlobalSection(SolutionConfigurationPlatforms) = preSolution
		Debug|Any CPU = Debug|Any CPU
		Release|Any CPU = Release|Any CPU
	EndGlobalSection
	GlobalSection(ProjectConfigurationPlatforms) = postSolution
		{6E8F58BE-1BB5-4B6A-8B17-B2FFC4FD9077}.Debug|Any CPU.ActiveCfg = Debug|Any CPU
		{6E8F58BE-1BB5-4B6A-8B17-B2FFC4FD9077}.Debug|Any CPU.Build.0 = Debug|Any CPU
		{6E8F58BE-1BB5-4B6A-8B17-B2FFC4FD9077}.Release|Any CPU.ActiveCfg = Release|Any CPU
		{6E8F58BE-1BB5-4B6A-8B17-B2FFC4FD9077}.Release|Any CPU.Build.0 = Release|Any CPU
	EndGlobalSection
	GlobalSection(SolutionProperties) = preSolution
		HideSolutionNode = FALSE
	EndGlobalSection
	GlobalSection(ExtensibilityGlobals) = postSolution
		SolutionGuid = {FBE355D6-E1F2-49C7-B2B4-24A52DBA33F3}
	EndGlobalSection
EndGlobal
