
Microsoft Visual Studio Solution File, Format Version 12.00
# Visual Studio Version 17
VisualStudioVersion = 17.14.36518.9 d17.14
MinimumVisualStudioVersion = 10.0.40219.1
Project("{FAE04EC0-301F-11D3-BF4B-00C04F79EFBC}") = "ApiWeb_Dapper", "ApiWeb_Dapper.csproj", "{388260EA-9D0F-4160-BA27-6A16B8C5FE17}"
EndProject
Global
	GlobalSection(SolutionConfigurationPlatforms) = preSolution
		Debug|Any CPU = Debug|Any CPU
		Release|Any CPU = Release|Any CPU
	EndGlobalSection
	GlobalSection(ProjectConfigurationPlatforms) = postSolution
		{388260EA-9D0F-4160-BA27-6A16B8C5FE17}.Debug|Any CPU.ActiveCfg = Debug|Any CPU
		{388260EA-9D0F-4160-BA27-6A16B8C5FE17}.Debug|Any CPU.Build.0 = Debug|Any CPU
		{388260EA-9D0F-4160-BA27-6A16B8C5FE17}.Release|Any CPU.ActiveCfg = Release|Any CPU
		{388260EA-9D0F-4160-BA27-6A16B8C5FE17}.Release|Any CPU.Build.0 = Release|Any CPU
	EndGlobalSection
	GlobalSection(SolutionProperties) = preSolution
		HideSolutionNode = FALSE
	EndGlobalSection
	GlobalSection(ExtensibilityGlobals) = postSolution
		SolutionGuid = {F0AE38AB-2A60-430E-B7CC-FF7F82042612}
	EndGlobalSection
EndGlobal
