
Microsoft Visual Studio Solution File, Format Version 12.00
# Visual Studio Version 17
VisualStudioVersion = 17.8.34330.188
MinimumVisualStudioVersion = 10.0.40219.1
Project("{FAE04EC0-301F-11D3-BF4B-00C04F79EFBC}") = "MeuCampeonato.Console", "MeuCampeonato.Console.csproj", "{5E2F1D44-3D16-4F37-A835-254EBBB624AB}"
EndProject
Global
	GlobalSection(SolutionConfigurationPlatforms) = preSolution
		Debug|Any CPU = Debug|Any CPU
		Release|Any CPU = Release|Any CPU
	EndGlobalSection
	GlobalSection(ProjectConfigurationPlatforms) = postSolution
		{5E2F1D44-3D16-4F37-A835-254EBBB624AB}.Debug|Any CPU.ActiveCfg = Debug|Any CPU
		{5E2F1D44-3D16-4F37-A835-254EBBB624AB}.Debug|Any CPU.Build.0 = Debug|Any CPU
		{5E2F1D44-3D16-4F37-A835-254EBBB624AB}.Release|Any CPU.ActiveCfg = Release|Any CPU
		{5E2F1D44-3D16-4F37-A835-254EBBB624AB}.Release|Any CPU.Build.0 = Release|Any CPU
	EndGlobalSection
	GlobalSection(SolutionProperties) = preSolution
		HideSolutionNode = FALSE
	EndGlobalSection
	GlobalSection(ExtensibilityGlobals) = postSolution
		SolutionGuid = {D05CC428-0E1D-4E0D-89EB-044A7D329B7E}
	EndGlobalSection
EndGlobal
