
Microsoft Visual Studio Solution File, Format Version 12.00
# Visual Studio Version 17
VisualStudioVersion = 17.8.34330.188
MinimumVisualStudioVersion = 10.0.40219.1
Project("{FAE04EC0-301F-11D3-BF4B-00C04F79EFBC}") = "SimularPartida", "SimularPartida.csproj", "{22DB58DA-37DF-4B67-AC82-4B6C5320A553}"
EndProject
Global
	GlobalSection(SolutionConfigurationPlatforms) = preSolution
		Debug|Any CPU = Debug|Any CPU
		Release|Any CPU = Release|Any CPU
	EndGlobalSection
	GlobalSection(ProjectConfigurationPlatforms) = postSolution
		{22DB58DA-37DF-4B67-AC82-4B6C5320A553}.Debug|Any CPU.ActiveCfg = Debug|Any CPU
		{22DB58DA-37DF-4B67-AC82-4B6C5320A553}.Debug|Any CPU.Build.0 = Debug|Any CPU
		{22DB58DA-37DF-4B67-AC82-4B6C5320A553}.Release|Any CPU.ActiveCfg = Release|Any CPU
		{22DB58DA-37DF-4B67-AC82-4B6C5320A553}.Release|Any CPU.Build.0 = Release|Any CPU
	EndGlobalSection
	GlobalSection(SolutionProperties) = preSolution
		HideSolutionNode = FALSE
	EndGlobalSection
	GlobalSection(ExtensibilityGlobals) = postSolution
		SolutionGuid = {CA4CC719-E6B9-463C-BC3B-5CEEDEE1D94B}
	EndGlobalSection
EndGlobal
